// !$*UTF8*$!
{
	archiveVersion = 1;
	classes = {
	};
	objectVersion = 51;
	objects = {

/* Begin PBXBuildFile section */
		6939CA0426A3C7F2007D72CD /* AppDelegate.swift in Sources */ = {isa = PBXBuildFile; fileRef = 6939CA0326A3C7F2007D72CD /* AppDelegate.swift */; };
		6939CA0626A3C7F2007D72CD /* SceneDelegate.swift in Sources */ = {isa = PBXBuildFile; fileRef = 6939CA0526A3C7F2007D72CD /* SceneDelegate.swift */; };
		6939CA0D26A3C7F6007D72CD /* Assets.xcassets in Resources */ = {isa = PBXBuildFile; fileRef = 6939CA0C26A3C7F6007D72CD /* Assets.xcassets */; };
		6939CA1026A3C7F6007D72CD /* LaunchScreen.storyboard in Resources */ = {isa = PBXBuildFile; fileRef = 6939CA0E26A3C7F6007D72CD /* LaunchScreen.storyboard */; };
		6939CA1D26A3CB6E007D72CD /* HomeViewController.swift in Sources */ = {isa = PBXBuildFile; fileRef = 6939CA1C26A3CB6E007D72CD /* HomeViewController.swift */; };
		6939CA2026A3CBA9007D72CD /* ExploreViewController.swift in Sources */ = {isa = PBXBuildFile; fileRef = 6939CA1F26A3CBA9007D72CD /* ExploreViewController.swift */; };
		6939CA2226A3CBAF007D72CD /* CameraViewController.swift in Sources */ = {isa = PBXBuildFile; fileRef = 6939CA2126A3CBAF007D72CD /* CameraViewController.swift */; };
		6939CA2426A3CBB8007D72CD /* NotificationViewController.swift in Sources */ = {isa = PBXBuildFile; fileRef = 6939CA2326A3CBB8007D72CD /* NotificationViewController.swift */; };
		6939CA2626A3CBBD007D72CD /* ProfileViewController.swift in Sources */ = {isa = PBXBuildFile; fileRef = 6939CA2526A3CBBD007D72CD /* ProfileViewController.swift */; };
		6939CA2826A3CBC3007D72CD /* TabBarViewController.swift in Sources */ = {isa = PBXBuildFile; fileRef = 6939CA2726A3CBC3007D72CD /* TabBarViewController.swift */; };
		6939CA2B26A3CBD9007D72CD /* SignInViewController.swift in Sources */ = {isa = PBXBuildFile; fileRef = 6939CA2A26A3CBD9007D72CD /* SignInViewController.swift */; };
		6939CA2D26A3CBDE007D72CD /* SignUpViewController.swift in Sources */ = {isa = PBXBuildFile; fileRef = 6939CA2C26A3CBDE007D72CD /* SignUpViewController.swift */; };
		6939CA2F26A3CBE6007D72CD /* CaptionViewController.swift in Sources */ = {isa = PBXBuildFile; fileRef = 6939CA2E26A3CBE6007D72CD /* CaptionViewController.swift */; };
		6939CA3126A3CBEC007D72CD /* ListViewController.swift in Sources */ = {isa = PBXBuildFile; fileRef = 6939CA3026A3CBEC007D72CD /* ListViewController.swift */; };
		6939CA3326A3CBF0007D72CD /* PostViewController.swift in Sources */ = {isa = PBXBuildFile; fileRef = 6939CA3226A3CBF0007D72CD /* PostViewController.swift */; };
		6939CA3526A3CBF5007D72CD /* SettingsViewController.swift in Sources */ = {isa = PBXBuildFile; fileRef = 6939CA3426A3CBF5007D72CD /* SettingsViewController.swift */; };
		6939CA3A26A3CC23007D72CD /* Relationship.swift in Sources */ = {isa = PBXBuildFile; fileRef = 6939CA3626A3CC20007D72CD /* Relationship.swift */; };
		6939CA3B26A3CC23007D72CD /* User.swift in Sources */ = {isa = PBXBuildFile; fileRef = 6939CA3726A3CC21007D72CD /* User.swift */; };
		6939CA3C26A3CC23007D72CD /* RAKNotification.swift in Sources */ = {isa = PBXBuildFile; fileRef = 6939CA3826A3CC22007D72CD /* RAKNotification.swift */; };
		6939CA3D26A3CC23007D72CD /* Post.swift in Sources */ = {isa = PBXBuildFile; fileRef = 6939CA3926A3CC23007D72CD /* Post.swift */; };
		6939CA4426A3CC72007D72CD /* AuthManager.swift in Sources */ = {isa = PBXBuildFile; fileRef = 6939CA3F26A3CC6E007D72CD /* AuthManager.swift */; };
		6939CA4526A3CC72007D72CD /* DatabaseManager.swift in Sources */ = {isa = PBXBuildFile; fileRef = 6939CA4026A3CC70007D72CD /* DatabaseManager.swift */; };
		6939CA4626A3CC72007D72CD /* HapticsManager.swift in Sources */ = {isa = PBXBuildFile; fileRef = 6939CA4126A3CC71007D72CD /* HapticsManager.swift */; };
		6939CA4726A3CC72007D72CD /* StorageManager.swift in Sources */ = {isa = PBXBuildFile; fileRef = 6939CA4226A3CC71007D72CD /* StorageManager.swift */; };
		6939CA4826A3CC72007D72CD /* AnalyticsManager.swift in Sources */ = {isa = PBXBuildFile; fileRef = 6939CA4326A3CC72007D72CD /* AnalyticsManager.swift */; };
		6939CA4C26A3D8CB007D72CD /* SignInHeaderView.swift in Sources */ = {isa = PBXBuildFile; fileRef = 6939CA4B26A3D8CB007D72CD /* SignInHeaderView.swift */; };
		6939CA4E26A3DB54007D72CD /* Extensions.swift in Sources */ = {isa = PBXBuildFile; fileRef = 6939CA4D26A3DB54007D72CD /* Extensions.swift */; };
		6939CA5026A3E0C9007D72CD /* GoogleService-Info.plist in Resources */ = {isa = PBXBuildFile; fileRef = 6939CA4F26A3E0C9007D72CD /* GoogleService-Info.plist */; };
		6939CA5226A3F242007D72CD /* RAKTextField.swift in Sources */ = {isa = PBXBuildFile; fileRef = 6939CA5126A3F242007D72CD /* RAKTextField.swift */; };
		693A16C126DC863500A19B2D /* ListUserTableViewCell.swift in Sources */ = {isa = PBXBuildFile; fileRef = 693A16C026DC863500A19B2D /* ListUserTableViewCell.swift */; };
		693A16C326DC94C500A19B2D /* ListUserTableViewCellViewModel.swift in Sources */ = {isa = PBXBuildFile; fileRef = 693A16C226DC94C500A19B2D /* ListUserTableViewCellViewModel.swift */; };
		693D1B8926B8B40D00C45F59 /* PhotoCollectionViewCell.swift in Sources */ = {isa = PBXBuildFile; fileRef = 693D1B8826B8B40D00C45F59 /* PhotoCollectionViewCell.swift */; };
		693D1B8D26BDB40C00C45F59 /* SearchResultsViewController.swift in Sources */ = {isa = PBXBuildFile; fileRef = 693D1B8C26BDB40C00C45F59 /* SearchResultsViewController.swift */; };
		693D1B9026BDFCE800C45F59 /* NotificationCellType.swift in Sources */ = {isa = PBXBuildFile; fileRef = 693D1B8F26BDFCE800C45F59 /* NotificationCellType.swift */; };
		693D1B9526BDFD5500C45F59 /* LikeNotificationTableViewCell.swift in Sources */ = {isa = PBXBuildFile; fileRef = 693D1B9226BDFD5500C45F59 /* LikeNotificationTableViewCell.swift */; };
		693D1B9626BDFD5500C45F59 /* FollowNotificationTableViewCell.swift in Sources */ = {isa = PBXBuildFile; fileRef = 693D1B9326BDFD5500C45F59 /* FollowNotificationTableViewCell.swift */; };
		693D1B9726BDFD5500C45F59 /* CommentNotificationTableViewCell.swift in Sources */ = {isa = PBXBuildFile; fileRef = 693D1B9426BDFD5500C45F59 /* CommentNotificationTableViewCell.swift */; };
		693D1B9926BE015600C45F59 /* NotificationsManager.swift in Sources */ = {isa = PBXBuildFile; fileRef = 693D1B9826BE015600C45F59 /* NotificationsManager.swift */; };
		693D1B9B26BE049F00C45F59 /* NotificationCellViewModel.swift in Sources */ = {isa = PBXBuildFile; fileRef = 693D1B9A26BE049F00C45F59 /* NotificationCellViewModel.swift */; };
		693D1B9D26BE14EA00C45F59 /* RAKFollowButton.swift in Sources */ = {isa = PBXBuildFile; fileRef = 693D1B9C26BE14EA00C45F59 /* RAKFollowButton.swift */; };
		694F24BB26D46D8000C0EA3E /* ProfileHeaderCollectionReusableView.swift in Sources */ = {isa = PBXBuildFile; fileRef = 694F24BA26D46D8000C0EA3E /* ProfileHeaderCollectionReusableView.swift */; };
		694F24BD26D46E4800C0EA3E /* ProfileHeaderViewModel.swift in Sources */ = {isa = PBXBuildFile; fileRef = 694F24BC26D46E4800C0EA3E /* ProfileHeaderViewModel.swift */; };
		694F24BF26D4868200C0EA3E /* ProfileHeaderCountView.swift in Sources */ = {isa = PBXBuildFile; fileRef = 694F24BE26D4868200C0EA3E /* ProfileHeaderCountView.swift */; };
		694F24C126D4901100C0EA3E /* ProfileHeaderCountViewViewModel.swift in Sources */ = {isa = PBXBuildFile; fileRef = 694F24C026D4901100C0EA3E /* ProfileHeaderCountViewViewModel.swift */; };
		694F24C326D5D52900C0EA3E /* UserInfo.swift in Sources */ = {isa = PBXBuildFile; fileRef = 694F24C226D5D52900C0EA3E /* UserInfo.swift */; };
		699198A026A75EC000BEE68D /* EditProfileViewController.swift in Sources */ = {isa = PBXBuildFile; fileRef = 6991989F26A75EC000BEE68D /* EditProfileViewController.swift */; };
		69C538E526A5249000AF5842 /* PosterCollectionViewCellViewModel.swift in Sources */ = {isa = PBXBuildFile; fileRef = 69C538E426A5249000AF5842 /* PosterCollectionViewCellViewModel.swift */; };
		69C538E726A5251D00AF5842 /* PostCollectionViewCellViewModel.swift in Sources */ = {isa = PBXBuildFile; fileRef = 69C538E626A5251D00AF5842 /* PostCollectionViewCellViewModel.swift */; };
		69C538E926A5258A00AF5842 /* PostActionsCollectionViewCellViewModel.swift in Sources */ = {isa = PBXBuildFile; fileRef = 69C538E826A5258A00AF5842 /* PostActionsCollectionViewCellViewModel.swift */; };
		69C538EB26A525D800AF5842 /* PostLikesCollectionViewCellViewModel.swift in Sources */ = {isa = PBXBuildFile; fileRef = 69C538EA26A525D800AF5842 /* PostLikesCollectionViewCellViewModel.swift */; };
		69C538ED26A526BB00AF5842 /* PostCaptionCollectionViewCellViewModel.swift in Sources */ = {isa = PBXBuildFile; fileRef = 69C538EC26A526BB00AF5842 /* PostCaptionCollectionViewCellViewModel.swift */; };
		69C538EF26A5272D00AF5842 /* PostDatetimeCollectionViewCellViewModel.swift in Sources */ = {isa = PBXBuildFile; fileRef = 69C538EE26A5272D00AF5842 /* PostDatetimeCollectionViewCellViewModel.swift */; };
		69C538F126A5281500AF5842 /* HomeFeedCellType.swift in Sources */ = {isa = PBXBuildFile; fileRef = 69C538F026A5281500AF5842 /* HomeFeedCellType.swift */; };
		69C538F426A5349600AF5842 /* PosterCollectionViewCell.swift in Sources */ = {isa = PBXBuildFile; fileRef = 69C538F326A5349600AF5842 /* PosterCollectionViewCell.swift */; };
		69C538F626A536F100AF5842 /* PostCollectionViewCell.swift in Sources */ = {isa = PBXBuildFile; fileRef = 69C538F526A536F100AF5842 /* PostCollectionViewCell.swift */; };
		69C538F826A537E400AF5842 /* PostActionsCollectionViewCell.swift in Sources */ = {isa = PBXBuildFile; fileRef = 69C538F726A537E400AF5842 /* PostActionsCollectionViewCell.swift */; };
		69C538FA26A537F300AF5842 /* PostLikesCollectionViewCell.swift in Sources */ = {isa = PBXBuildFile; fileRef = 69C538F926A537F300AF5842 /* PostLikesCollectionViewCell.swift */; };
		69C538FC26A5380000AF5842 /* PostCaptionCollectionViewCell.swift in Sources */ = {isa = PBXBuildFile; fileRef = 69C538FB26A5380000AF5842 /* PostCaptionCollectionViewCell.swift */; };
		69C538FE26A5380C00AF5842 /* PostDateTimeCollectionViewCell.swift in Sources */ = {isa = PBXBuildFile; fileRef = 69C538FD26A5380C00AF5842 /* PostDateTimeCollectionViewCell.swift */; };
		69C5390026A64D7900AF5842 /* PostEditViewController.swift in Sources */ = {isa = PBXBuildFile; fileRef = 69C538FF26A64D7900AF5842 /* PostEditViewController.swift */; };
		EE4F460660D83EF0A238F3B6 /* Pods_RAK.framework in Frameworks */ = {isa = PBXBuildFile; fileRef = 0EB524485ED762D69CBDFBF5 /* Pods_RAK.framework */; };
/* End PBXBuildFile section */

/* Begin PBXFileReference section */
		0EB524485ED762D69CBDFBF5 /* Pods_RAK.framework */ = {isa = PBXFileReference; explicitFileType = wrapper.framework; includeInIndex = 0; path = Pods_RAK.framework; sourceTree = BUILT_PRODUCTS_DIR; };
		411ED135C56ABDF2EBF7C1B8 /* Pods-RAK.debug.xcconfig */ = {isa = PBXFileReference; includeInIndex = 1; lastKnownFileType = text.xcconfig; name = "Pods-RAK.debug.xcconfig"; path = "Target Support Files/Pods-RAK/Pods-RAK.debug.xcconfig"; sourceTree = "<group>"; };
		6939CA0026A3C7F2007D72CD /* RAK.app */ = {isa = PBXFileReference; explicitFileType = wrapper.application; includeInIndex = 0; path = RAK.app; sourceTree = BUILT_PRODUCTS_DIR; };
		6939CA0326A3C7F2007D72CD /* AppDelegate.swift */ = {isa = PBXFileReference; lastKnownFileType = sourcecode.swift; path = AppDelegate.swift; sourceTree = "<group>"; };
		6939CA0526A3C7F2007D72CD /* SceneDelegate.swift */ = {isa = PBXFileReference; lastKnownFileType = sourcecode.swift; path = SceneDelegate.swift; sourceTree = "<group>"; };
		6939CA0C26A3C7F6007D72CD /* Assets.xcassets */ = {isa = PBXFileReference; lastKnownFileType = folder.assetcatalog; path = Assets.xcassets; sourceTree = "<group>"; };
		6939CA0F26A3C7F6007D72CD /* Base */ = {isa = PBXFileReference; lastKnownFileType = file.storyboard; name = Base; path = Base.lproj/LaunchScreen.storyboard; sourceTree = "<group>"; };
		6939CA1126A3C7F6007D72CD /* Info.plist */ = {isa = PBXFileReference; lastKnownFileType = text.plist.xml; path = Info.plist; sourceTree = "<group>"; };
		6939CA1C26A3CB6E007D72CD /* HomeViewController.swift */ = {isa = PBXFileReference; fileEncoding = 4; lastKnownFileType = sourcecode.swift; path = HomeViewController.swift; sourceTree = "<group>"; };
		6939CA1F26A3CBA9007D72CD /* ExploreViewController.swift */ = {isa = PBXFileReference; fileEncoding = 4; lastKnownFileType = sourcecode.swift; path = ExploreViewController.swift; sourceTree = "<group>"; };
		6939CA2126A3CBAF007D72CD /* CameraViewController.swift */ = {isa = PBXFileReference; fileEncoding = 4; lastKnownFileType = sourcecode.swift; path = CameraViewController.swift; sourceTree = "<group>"; };
		6939CA2326A3CBB8007D72CD /* NotificationViewController.swift */ = {isa = PBXFileReference; fileEncoding = 4; lastKnownFileType = sourcecode.swift; path = NotificationViewController.swift; sourceTree = "<group>"; };
		6939CA2526A3CBBD007D72CD /* ProfileViewController.swift */ = {isa = PBXFileReference; fileEncoding = 4; lastKnownFileType = sourcecode.swift; path = ProfileViewController.swift; sourceTree = "<group>"; };
		6939CA2726A3CBC3007D72CD /* TabBarViewController.swift */ = {isa = PBXFileReference; fileEncoding = 4; lastKnownFileType = sourcecode.swift; path = TabBarViewController.swift; sourceTree = "<group>"; };
		6939CA2A26A3CBD9007D72CD /* SignInViewController.swift */ = {isa = PBXFileReference; fileEncoding = 4; lastKnownFileType = sourcecode.swift; path = SignInViewController.swift; sourceTree = "<group>"; };
		6939CA2C26A3CBDE007D72CD /* SignUpViewController.swift */ = {isa = PBXFileReference; fileEncoding = 4; lastKnownFileType = sourcecode.swift; path = SignUpViewController.swift; sourceTree = "<group>"; };
		6939CA2E26A3CBE6007D72CD /* CaptionViewController.swift */ = {isa = PBXFileReference; fileEncoding = 4; lastKnownFileType = sourcecode.swift; path = CaptionViewController.swift; sourceTree = "<group>"; };
		6939CA3026A3CBEC007D72CD /* ListViewController.swift */ = {isa = PBXFileReference; fileEncoding = 4; lastKnownFileType = sourcecode.swift; path = ListViewController.swift; sourceTree = "<group>"; };
		6939CA3226A3CBF0007D72CD /* PostViewController.swift */ = {isa = PBXFileReference; fileEncoding = 4; lastKnownFileType = sourcecode.swift; path = PostViewController.swift; sourceTree = "<group>"; };
		6939CA3426A3CBF5007D72CD /* SettingsViewController.swift */ = {isa = PBXFileReference; fileEncoding = 4; lastKnownFileType = sourcecode.swift; path = SettingsViewController.swift; sourceTree = "<group>"; };
		6939CA3626A3CC20007D72CD /* Relationship.swift */ = {isa = PBXFileReference; fileEncoding = 4; lastKnownFileType = sourcecode.swift; path = Relationship.swift; sourceTree = "<group>"; };
		6939CA3726A3CC21007D72CD /* User.swift */ = {isa = PBXFileReference; fileEncoding = 4; lastKnownFileType = sourcecode.swift; path = User.swift; sourceTree = "<group>"; };
		6939CA3826A3CC22007D72CD /* RAKNotification.swift */ = {isa = PBXFileReference; fileEncoding = 4; lastKnownFileType = sourcecode.swift; path = RAKNotification.swift; sourceTree = "<group>"; };
		6939CA3926A3CC23007D72CD /* Post.swift */ = {isa = PBXFileReference; fileEncoding = 4; lastKnownFileType = sourcecode.swift; path = Post.swift; sourceTree = "<group>"; };
		6939CA3F26A3CC6E007D72CD /* AuthManager.swift */ = {isa = PBXFileReference; fileEncoding = 4; lastKnownFileType = sourcecode.swift; path = AuthManager.swift; sourceTree = "<group>"; };
		6939CA4026A3CC70007D72CD /* DatabaseManager.swift */ = {isa = PBXFileReference; fileEncoding = 4; lastKnownFileType = sourcecode.swift; path = DatabaseManager.swift; sourceTree = "<group>"; };
		6939CA4126A3CC71007D72CD /* HapticsManager.swift */ = {isa = PBXFileReference; fileEncoding = 4; lastKnownFileType = sourcecode.swift; path = HapticsManager.swift; sourceTree = "<group>"; };
		6939CA4226A3CC71007D72CD /* StorageManager.swift */ = {isa = PBXFileReference; fileEncoding = 4; lastKnownFileType = sourcecode.swift; path = StorageManager.swift; sourceTree = "<group>"; };
		6939CA4326A3CC72007D72CD /* AnalyticsManager.swift */ = {isa = PBXFileReference; fileEncoding = 4; lastKnownFileType = sourcecode.swift; path = AnalyticsManager.swift; sourceTree = "<group>"; };
		6939CA4B26A3D8CB007D72CD /* SignInHeaderView.swift */ = {isa = PBXFileReference; lastKnownFileType = sourcecode.swift; path = SignInHeaderView.swift; sourceTree = "<group>"; };
		6939CA4D26A3DB54007D72CD /* Extensions.swift */ = {isa = PBXFileReference; lastKnownFileType = sourcecode.swift; path = Extensions.swift; sourceTree = "<group>"; };
		6939CA4F26A3E0C9007D72CD /* GoogleService-Info.plist */ = {isa = PBXFileReference; fileEncoding = 4; lastKnownFileType = text.plist.xml; path = "GoogleService-Info.plist"; sourceTree = "<group>"; };
		6939CA5126A3F242007D72CD /* RAKTextField.swift */ = {isa = PBXFileReference; lastKnownFileType = sourcecode.swift; path = RAKTextField.swift; sourceTree = "<group>"; };
		693A16C026DC863500A19B2D /* ListUserTableViewCell.swift */ = {isa = PBXFileReference; lastKnownFileType = sourcecode.swift; path = ListUserTableViewCell.swift; sourceTree = "<group>"; };
		693A16C226DC94C500A19B2D /* ListUserTableViewCellViewModel.swift */ = {isa = PBXFileReference; lastKnownFileType = sourcecode.swift; path = ListUserTableViewCellViewModel.swift; sourceTree = "<group>"; };
		693D1B8826B8B40D00C45F59 /* PhotoCollectionViewCell.swift */ = {isa = PBXFileReference; lastKnownFileType = sourcecode.swift; path = PhotoCollectionViewCell.swift; sourceTree = "<group>"; };
		693D1B8C26BDB40C00C45F59 /* SearchResultsViewController.swift */ = {isa = PBXFileReference; fileEncoding = 4; lastKnownFileType = sourcecode.swift; path = SearchResultsViewController.swift; sourceTree = "<group>"; };
		693D1B8F26BDFCE800C45F59 /* NotificationCellType.swift */ = {isa = PBXFileReference; fileEncoding = 4; lastKnownFileType = sourcecode.swift; path = NotificationCellType.swift; sourceTree = "<group>"; };
		693D1B9226BDFD5500C45F59 /* LikeNotificationTableViewCell.swift */ = {isa = PBXFileReference; fileEncoding = 4; lastKnownFileType = sourcecode.swift; path = LikeNotificationTableViewCell.swift; sourceTree = "<group>"; };
		693D1B9326BDFD5500C45F59 /* FollowNotificationTableViewCell.swift */ = {isa = PBXFileReference; fileEncoding = 4; lastKnownFileType = sourcecode.swift; path = FollowNotificationTableViewCell.swift; sourceTree = "<group>"; };
		693D1B9426BDFD5500C45F59 /* CommentNotificationTableViewCell.swift */ = {isa = PBXFileReference; fileEncoding = 4; lastKnownFileType = sourcecode.swift; path = CommentNotificationTableViewCell.swift; sourceTree = "<group>"; };
		693D1B9826BE015600C45F59 /* NotificationsManager.swift */ = {isa = PBXFileReference; lastKnownFileType = sourcecode.swift; path = NotificationsManager.swift; sourceTree = "<group>"; };
		693D1B9A26BE049F00C45F59 /* NotificationCellViewModel.swift */ = {isa = PBXFileReference; lastKnownFileType = sourcecode.swift; path = NotificationCellViewModel.swift; sourceTree = "<group>"; };
		693D1B9C26BE14EA00C45F59 /* RAKFollowButton.swift */ = {isa = PBXFileReference; fileEncoding = 4; lastKnownFileType = sourcecode.swift; path = RAKFollowButton.swift; sourceTree = "<group>"; };
		694F24BA26D46D8000C0EA3E /* ProfileHeaderCollectionReusableView.swift */ = {isa = PBXFileReference; lastKnownFileType = sourcecode.swift; path = ProfileHeaderCollectionReusableView.swift; sourceTree = "<group>"; };
		694F24BC26D46E4800C0EA3E /* ProfileHeaderViewModel.swift */ = {isa = PBXFileReference; lastKnownFileType = sourcecode.swift; path = ProfileHeaderViewModel.swift; sourceTree = "<group>"; };
		694F24BE26D4868200C0EA3E /* ProfileHeaderCountView.swift */ = {isa = PBXFileReference; lastKnownFileType = sourcecode.swift; path = ProfileHeaderCountView.swift; sourceTree = "<group>"; };
		694F24C026D4901100C0EA3E /* ProfileHeaderCountViewViewModel.swift */ = {isa = PBXFileReference; lastKnownFileType = sourcecode.swift; path = ProfileHeaderCountViewViewModel.swift; sourceTree = "<group>"; };
		694F24C226D5D52900C0EA3E /* UserInfo.swift */ = {isa = PBXFileReference; lastKnownFileType = sourcecode.swift; path = UserInfo.swift; sourceTree = "<group>"; };
		6991989F26A75EC000BEE68D /* EditProfileViewController.swift */ = {isa = PBXFileReference; lastKnownFileType = sourcecode.swift; path = EditProfileViewController.swift; sourceTree = "<group>"; };
		69C538E426A5249000AF5842 /* PosterCollectionViewCellViewModel.swift */ = {isa = PBXFileReference; lastKnownFileType = sourcecode.swift; path = PosterCollectionViewCellViewModel.swift; sourceTree = "<group>"; };
		69C538E626A5251D00AF5842 /* PostCollectionViewCellViewModel.swift */ = {isa = PBXFileReference; lastKnownFileType = sourcecode.swift; path = PostCollectionViewCellViewModel.swift; sourceTree = "<group>"; };
		69C538E826A5258A00AF5842 /* PostActionsCollectionViewCellViewModel.swift */ = {isa = PBXFileReference; lastKnownFileType = sourcecode.swift; path = PostActionsCollectionViewCellViewModel.swift; sourceTree = "<group>"; };
		69C538EA26A525D800AF5842 /* PostLikesCollectionViewCellViewModel.swift */ = {isa = PBXFileReference; lastKnownFileType = sourcecode.swift; path = PostLikesCollectionViewCellViewModel.swift; sourceTree = "<group>"; };
		69C538EC26A526BB00AF5842 /* PostCaptionCollectionViewCellViewModel.swift */ = {isa = PBXFileReference; lastKnownFileType = sourcecode.swift; path = PostCaptionCollectionViewCellViewModel.swift; sourceTree = "<group>"; };
		69C538EE26A5272D00AF5842 /* PostDatetimeCollectionViewCellViewModel.swift */ = {isa = PBXFileReference; lastKnownFileType = sourcecode.swift; path = PostDatetimeCollectionViewCellViewModel.swift; sourceTree = "<group>"; };
		69C538F026A5281500AF5842 /* HomeFeedCellType.swift */ = {isa = PBXFileReference; lastKnownFileType = sourcecode.swift; path = HomeFeedCellType.swift; sourceTree = "<group>"; };
		69C538F326A5349600AF5842 /* PosterCollectionViewCell.swift */ = {isa = PBXFileReference; lastKnownFileType = sourcecode.swift; path = PosterCollectionViewCell.swift; sourceTree = "<group>"; };
		69C538F526A536F100AF5842 /* PostCollectionViewCell.swift */ = {isa = PBXFileReference; lastKnownFileType = sourcecode.swift; path = PostCollectionViewCell.swift; sourceTree = "<group>"; };
		69C538F726A537E400AF5842 /* PostActionsCollectionViewCell.swift */ = {isa = PBXFileReference; lastKnownFileType = sourcecode.swift; path = PostActionsCollectionViewCell.swift; sourceTree = "<group>"; };
		69C538F926A537F300AF5842 /* PostLikesCollectionViewCell.swift */ = {isa = PBXFileReference; lastKnownFileType = sourcecode.swift; path = PostLikesCollectionViewCell.swift; sourceTree = "<group>"; };
		69C538FB26A5380000AF5842 /* PostCaptionCollectionViewCell.swift */ = {isa = PBXFileReference; lastKnownFileType = sourcecode.swift; path = PostCaptionCollectionViewCell.swift; sourceTree = "<group>"; };
		69C538FD26A5380C00AF5842 /* PostDateTimeCollectionViewCell.swift */ = {isa = PBXFileReference; lastKnownFileType = sourcecode.swift; path = PostDateTimeCollectionViewCell.swift; sourceTree = "<group>"; };
		69C538FF26A64D7900AF5842 /* PostEditViewController.swift */ = {isa = PBXFileReference; lastKnownFileType = sourcecode.swift; path = PostEditViewController.swift; sourceTree = "<group>"; };
		6A21F30447FF608B384D7EB4 /* Pods-RAK.release.xcconfig */ = {isa = PBXFileReference; includeInIndex = 1; lastKnownFileType = text.xcconfig; name = "Pods-RAK.release.xcconfig"; path = "Target Support Files/Pods-RAK/Pods-RAK.release.xcconfig"; sourceTree = "<group>"; };
/* End PBXFileReference section */

/* Begin PBXFrameworksBuildPhase section */
		6939C9FD26A3C7F2007D72CD /* Frameworks */ = {
			isa = PBXFrameworksBuildPhase;
			buildActionMask = 2147483647;
			files = (
				EE4F460660D83EF0A238F3B6 /* Pods_RAK.framework in Frameworks */,
			);
			runOnlyForDeploymentPostprocessing = 0;
		};
/* End PBXFrameworksBuildPhase section */

/* Begin PBXGroup section */
		374A7E7FF4D939CB1046DFF9 /* Frameworks */ = {
			isa = PBXGroup;
			children = (
				0EB524485ED762D69CBDFBF5 /* Pods_RAK.framework */,
			);
			name = Frameworks;
			sourceTree = "<group>";
		};
		6939C9F726A3C7F2007D72CD = {
			isa = PBXGroup;
			children = (
				6939CA0226A3C7F2007D72CD /* RAK */,
				6939CA0126A3C7F2007D72CD /* Products */,
				70CC396E4C35AEF863F7BFAD /* Pods */,
				374A7E7FF4D939CB1046DFF9 /* Frameworks */,
			);
			sourceTree = "<group>";
		};
		6939CA0126A3C7F2007D72CD /* Products */ = {
			isa = PBXGroup;
			children = (
				6939CA0026A3C7F2007D72CD /* RAK.app */,
			);
			name = Products;
			sourceTree = "<group>";
		};
		6939CA0226A3C7F2007D72CD /* RAK */ = {
			isa = PBXGroup;
			children = (
				6939CA1B26A3CA99007D72CD /* Resource */,
				6939CA3E26A3CC59007D72CD /* Managers */,
				6939CA1926A3CA4A007D72CD /* Models */,
				6939CA1A26A3CA59007D72CD /* ViewModel */,
				6939CA1826A3CA43007D72CD /* View */,
				6939CA1726A3C9F8007D72CD /* Controller */,
				6939CA1126A3C7F6007D72CD /* Info.plist */,
			);
			path = RAK;
			sourceTree = "<group>";
		};
		6939CA1726A3C9F8007D72CD /* Controller */ = {
			isa = PBXGroup;
			children = (
				6939CA2926A3CBC8007D72CD /* Other */,
				6939CA1E26A3CB92007D72CD /* Core */,
			);
			path = Controller;
			sourceTree = "<group>";
		};
		6939CA1826A3CA43007D72CD /* View */ = {
			isa = PBXGroup;
			children = (
				693D1B9126BDFD0300C45F59 /* NotificationCells */,
				69C538F226A533F300AF5842 /* Home Cells */,
				6939CA0E26A3C7F6007D72CD /* LaunchScreen.storyboard */,
				6939CA4B26A3D8CB007D72CD /* SignInHeaderView.swift */,
				693D1B9C26BE14EA00C45F59 /* RAKFollowButton.swift */,
				6939CA5126A3F242007D72CD /* RAKTextField.swift */,
				693D1B8826B8B40D00C45F59 /* PhotoCollectionViewCell.swift */,
				694F24BA26D46D8000C0EA3E /* ProfileHeaderCollectionReusableView.swift */,
				694F24BE26D4868200C0EA3E /* ProfileHeaderCountView.swift */,
				693A16C026DC863500A19B2D /* ListUserTableViewCell.swift */,
			);
			path = View;
			sourceTree = "<group>";
		};
		6939CA1926A3CA4A007D72CD /* Models */ = {
			isa = PBXGroup;
			children = (
				6939CA3826A3CC22007D72CD /* RAKNotification.swift */,
				6939CA3926A3CC23007D72CD /* Post.swift */,
				6939CA3626A3CC20007D72CD /* Relationship.swift */,
				6939CA3726A3CC21007D72CD /* User.swift */,
				69C538F026A5281500AF5842 /* HomeFeedCellType.swift */,
				693D1B8F26BDFCE800C45F59 /* NotificationCellType.swift */,
				694F24C226D5D52900C0EA3E /* UserInfo.swift */,
			);
			path = Models;
			sourceTree = "<group>";
		};
		6939CA1A26A3CA59007D72CD /* ViewModel */ = {
			isa = PBXGroup;
			children = (
				69C538E426A5249000AF5842 /* PosterCollectionViewCellViewModel.swift */,
				69C538E626A5251D00AF5842 /* PostCollectionViewCellViewModel.swift */,
				69C538E826A5258A00AF5842 /* PostActionsCollectionViewCellViewModel.swift */,
				69C538EA26A525D800AF5842 /* PostLikesCollectionViewCellViewModel.swift */,
				69C538EC26A526BB00AF5842 /* PostCaptionCollectionViewCellViewModel.swift */,
				69C538EE26A5272D00AF5842 /* PostDatetimeCollectionViewCellViewModel.swift */,
				693D1B9A26BE049F00C45F59 /* NotificationCellViewModel.swift */,
				694F24BC26D46E4800C0EA3E /* ProfileHeaderViewModel.swift */,
				694F24C026D4901100C0EA3E /* ProfileHeaderCountViewViewModel.swift */,
				693A16C226DC94C500A19B2D /* ListUserTableViewCellViewModel.swift */,
			);
			path = ViewModel;
			sourceTree = "<group>";
		};
		6939CA1B26A3CA99007D72CD /* Resource */ = {
			isa = PBXGroup;
			children = (
				6939CA0C26A3C7F6007D72CD /* Assets.xcassets */,
				6939CA4F26A3E0C9007D72CD /* GoogleService-Info.plist */,
				6939CA0326A3C7F2007D72CD /* AppDelegate.swift */,
				6939CA0526A3C7F2007D72CD /* SceneDelegate.swift */,
				6939CA4D26A3DB54007D72CD /* Extensions.swift */,
			);
			path = Resource;
			sourceTree = "<group>";
		};
		6939CA1E26A3CB92007D72CD /* Core */ = {
			isa = PBXGroup;
			children = (
				6939CA1C26A3CB6E007D72CD /* HomeViewController.swift */,
				6939CA1F26A3CBA9007D72CD /* ExploreViewController.swift */,
				6939CA2126A3CBAF007D72CD /* CameraViewController.swift */,
				6939CA2326A3CBB8007D72CD /* NotificationViewController.swift */,
				6939CA2526A3CBBD007D72CD /* ProfileViewController.swift */,
				6939CA2726A3CBC3007D72CD /* TabBarViewController.swift */,
			);
			path = Core;
			sourceTree = "<group>";
		};
		6939CA2926A3CBC8007D72CD /* Other */ = {
			isa = PBXGroup;
			children = (
				693D1B8C26BDB40C00C45F59 /* SearchResultsViewController.swift */,
				6939CA2A26A3CBD9007D72CD /* SignInViewController.swift */,
				6939CA2C26A3CBDE007D72CD /* SignUpViewController.swift */,
				6939CA2E26A3CBE6007D72CD /* CaptionViewController.swift */,
				6939CA3026A3CBEC007D72CD /* ListViewController.swift */,
				6939CA3226A3CBF0007D72CD /* PostViewController.swift */,
				6939CA3426A3CBF5007D72CD /* SettingsViewController.swift */,
				69C538FF26A64D7900AF5842 /* PostEditViewController.swift */,
				6991989F26A75EC000BEE68D /* EditProfileViewController.swift */,
			);
			path = Other;
			sourceTree = "<group>";
		};
		6939CA3E26A3CC59007D72CD /* Managers */ = {
			isa = PBXGroup;
			children = (
				6939CA4326A3CC72007D72CD /* AnalyticsManager.swift */,
				6939CA3F26A3CC6E007D72CD /* AuthManager.swift */,
				6939CA4026A3CC70007D72CD /* DatabaseManager.swift */,
				6939CA4126A3CC71007D72CD /* HapticsManager.swift */,
				6939CA4226A3CC71007D72CD /* StorageManager.swift */,
				693D1B9826BE015600C45F59 /* NotificationsManager.swift */,
			);
			path = Managers;
			sourceTree = "<group>";
		};
		693D1B9126BDFD0300C45F59 /* NotificationCells */ = {
			isa = PBXGroup;
			children = (
				693D1B9426BDFD5500C45F59 /* CommentNotificationTableViewCell.swift */,
				693D1B9326BDFD5500C45F59 /* FollowNotificationTableViewCell.swift */,
				693D1B9226BDFD5500C45F59 /* LikeNotificationTableViewCell.swift */,
			);
			path = NotificationCells;
			sourceTree = "<group>";
		};
		69C538F226A533F300AF5842 /* Home Cells */ = {
			isa = PBXGroup;
			children = (
				69C538F326A5349600AF5842 /* PosterCollectionViewCell.swift */,
				69C538F526A536F100AF5842 /* PostCollectionViewCell.swift */,
				69C538F726A537E400AF5842 /* PostActionsCollectionViewCell.swift */,
				69C538F926A537F300AF5842 /* PostLikesCollectionViewCell.swift */,
				69C538FB26A5380000AF5842 /* PostCaptionCollectionViewCell.swift */,
				69C538FD26A5380C00AF5842 /* PostDateTimeCollectionViewCell.swift */,
			);
			path = "Home Cells";
			sourceTree = "<group>";
		};
		70CC396E4C35AEF863F7BFAD /* Pods */ = {
			isa = PBXGroup;
			children = (
				411ED135C56ABDF2EBF7C1B8 /* Pods-RAK.debug.xcconfig */,
				6A21F30447FF608B384D7EB4 /* Pods-RAK.release.xcconfig */,
			);
			path = Pods;
			sourceTree = "<group>";
		};
/* End PBXGroup section */

/* Begin PBXNativeTarget section */
		6939C9FF26A3C7F2007D72CD /* RAK */ = {
			isa = PBXNativeTarget;
			buildConfigurationList = 6939CA1426A3C7F6007D72CD /* Build configuration list for PBXNativeTarget "RAK" */;
			buildPhases = (
				AC3E622EDE20DA024176DF54 /* [CP] Check Pods Manifest.lock */,
				6939C9FC26A3C7F2007D72CD /* Sources */,
				6939C9FD26A3C7F2007D72CD /* Frameworks */,
				6939C9FE26A3C7F2007D72CD /* Resources */,
				318FDBE42422927FA8913967 /* [CP] Embed Pods Frameworks */,
			);
			buildRules = (
			);
			dependencies = (
			);
			name = RAK;
			productName = RAK;
			productReference = 6939CA0026A3C7F2007D72CD /* RAK.app */;
			productType = "com.apple.product-type.application";
		};
/* End PBXNativeTarget section */

/* Begin PBXProject section */
		6939C9F826A3C7F2007D72CD /* Project object */ = {
			isa = PBXProject;
			attributes = {
				LastSwiftUpdateCheck = 1250;
				LastUpgradeCheck = 1250;
				TargetAttributes = {
					6939C9FF26A3C7F2007D72CD = {
						CreatedOnToolsVersion = 12.5.1;
					};
				};
			};
			buildConfigurationList = 6939C9FB26A3C7F2007D72CD /* Build configuration list for PBXProject "RAK" */;
			compatibilityVersion = "Xcode 9.3";
			developmentRegion = en;
			hasScannedForEncodings = 0;
			knownRegions = (
				en,
				Base,
			);
			mainGroup = 6939C9F726A3C7F2007D72CD;
			productRefGroup = 6939CA0126A3C7F2007D72CD /* Products */;
			projectDirPath = "";
			projectRoot = "";
			targets = (
				6939C9FF26A3C7F2007D72CD /* RAK */,
			);
		};
/* End PBXProject section */

/* Begin PBXResourcesBuildPhase section */
		6939C9FE26A3C7F2007D72CD /* Resources */ = {
			isa = PBXResourcesBuildPhase;
			buildActionMask = 2147483647;
			files = (
				6939CA1026A3C7F6007D72CD /* LaunchScreen.storyboard in Resources */,
				6939CA0D26A3C7F6007D72CD /* Assets.xcassets in Resources */,
				6939CA5026A3E0C9007D72CD /* GoogleService-Info.plist in Resources */,
			);
			runOnlyForDeploymentPostprocessing = 0;
		};
/* End PBXResourcesBuildPhase section */

/* Begin PBXShellScriptBuildPhase section */
		318FDBE42422927FA8913967 /* [CP] Embed Pods Frameworks */ = {
			isa = PBXShellScriptBuildPhase;
			buildActionMask = 2147483647;
			files = (
			);
			inputFileListPaths = (
				"${PODS_ROOT}/Target Support Files/Pods-RAK/Pods-RAK-frameworks-${CONFIGURATION}-input-files.xcfilelist",
			);
			name = "[CP] Embed Pods Frameworks";
			outputFileListPaths = (
				"${PODS_ROOT}/Target Support Files/Pods-RAK/Pods-RAK-frameworks-${CONFIGURATION}-output-files.xcfilelist",
			);
			runOnlyForDeploymentPostprocessing = 0;
			shellPath = /bin/sh;
			shellScript = "\"${PODS_ROOT}/Target Support Files/Pods-RAK/Pods-RAK-frameworks.sh\"\n";
			showEnvVarsInLog = 0;
		};
		AC3E622EDE20DA024176DF54 /* [CP] Check Pods Manifest.lock */ = {
			isa = PBXShellScriptBuildPhase;
			buildActionMask = 2147483647;
			files = (
			);
			inputFileListPaths = (
			);
			inputPaths = (
				"${PODS_PODFILE_DIR_PATH}/Podfile.lock",
				"${PODS_ROOT}/Manifest.lock",
			);
			name = "[CP] Check Pods Manifest.lock";
			outputFileListPaths = (
			);
			outputPaths = (
				"$(DERIVED_FILE_DIR)/Pods-RAK-checkManifestLockResult.txt",
			);
			runOnlyForDeploymentPostprocessing = 0;
			shellPath = /bin/sh;
			shellScript = "diff \"${PODS_PODFILE_DIR_PATH}/Podfile.lock\" \"${PODS_ROOT}/Manifest.lock\" > /dev/null\nif [ $? != 0 ] ; then\n    # print error to STDERR\n    echo \"error: The sandbox is not in sync with the Podfile.lock. Run 'pod install' or update your CocoaPods installation.\" >&2\n    exit 1\nfi\n# This output is used by Xcode 'outputs' to avoid re-running this script phase.\necho \"SUCCESS\" > \"${SCRIPT_OUTPUT_FILE_0}\"\n";
			showEnvVarsInLog = 0;
		};
/* End PBXShellScriptBuildPhase section */

/* Begin PBXSourcesBuildPhase section */
		6939C9FC26A3C7F2007D72CD /* Sources */ = {
			isa = PBXSourcesBuildPhase;
			buildActionMask = 2147483647;
			files = (
				694F24BF26D4868200C0EA3E /* ProfileHeaderCountView.swift in Sources */,
				6939CA2F26A3CBE6007D72CD /* CaptionViewController.swift in Sources */,
				69C538FA26A537F300AF5842 /* PostLikesCollectionViewCell.swift in Sources */,
				6939CA4826A3CC72007D72CD /* AnalyticsManager.swift in Sources */,
				6939CA2826A3CBC3007D72CD /* TabBarViewController.swift in Sources */,
				6939CA3126A3CBEC007D72CD /* ListViewController.swift in Sources */,
				6939CA3326A3CBF0007D72CD /* PostViewController.swift in Sources */,
				69C538F626A536F100AF5842 /* PostCollectionViewCell.swift in Sources */,
				6939CA3B26A3CC23007D72CD /* User.swift in Sources */,
				694F24BB26D46D8000C0EA3E /* ProfileHeaderCollectionReusableView.swift in Sources */,
				693D1B9926BE015600C45F59 /* NotificationsManager.swift in Sources */,
				6939CA2026A3CBA9007D72CD /* ExploreViewController.swift in Sources */,
				693A16C326DC94C500A19B2D /* ListUserTableViewCellViewModel.swift in Sources */,
				69C538FE26A5380C00AF5842 /* PostDateTimeCollectionViewCell.swift in Sources */,
				693D1B9626BDFD5500C45F59 /* FollowNotificationTableViewCell.swift in Sources */,
				694F24BD26D46E4800C0EA3E /* ProfileHeaderViewModel.swift in Sources */,
				69C538F826A537E400AF5842 /* PostActionsCollectionViewCell.swift in Sources */,
				693D1B8926B8B40D00C45F59 /* PhotoCollectionViewCell.swift in Sources */,
				693D1B9526BDFD5500C45F59 /* LikeNotificationTableViewCell.swift in Sources */,
				69C538EB26A525D800AF5842 /* PostLikesCollectionViewCellViewModel.swift in Sources */,
				6939CA2226A3CBAF007D72CD /* CameraViewController.swift in Sources */,
				6939CA2426A3CBB8007D72CD /* NotificationViewController.swift in Sources */,
				699198A026A75EC000BEE68D /* EditProfileViewController.swift in Sources */,
				694F24C126D4901100C0EA3E /* ProfileHeaderCountViewViewModel.swift in Sources */,
				6939CA2D26A3CBDE007D72CD /* SignUpViewController.swift in Sources */,
				6939CA4626A3CC72007D72CD /* HapticsManager.swift in Sources */,
				69C538FC26A5380000AF5842 /* PostCaptionCollectionViewCell.swift in Sources */,
				69C538E526A5249000AF5842 /* PosterCollectionViewCellViewModel.swift in Sources */,
				6939CA0426A3C7F2007D72CD /* AppDelegate.swift in Sources */,
				69C538EF26A5272D00AF5842 /* PostDatetimeCollectionViewCellViewModel.swift in Sources */,
				6939CA3526A3CBF5007D72CD /* SettingsViewController.swift in Sources */,
				6939CA4C26A3D8CB007D72CD /* SignInHeaderView.swift in Sources */,
				693D1B8D26BDB40C00C45F59 /* SearchResultsViewController.swift in Sources */,
				693D1B9026BDFCE800C45F59 /* NotificationCellType.swift in Sources */,
				6939CA3A26A3CC23007D72CD /* Relationship.swift in Sources */,
				6939CA4726A3CC72007D72CD /* StorageManager.swift in Sources */,
				69C538F126A5281500AF5842 /* HomeFeedCellType.swift in Sources */,
				693A16C126DC863500A19B2D /* ListUserTableViewCell.swift in Sources */,
				69C538E726A5251D00AF5842 /* PostCollectionViewCellViewModel.swift in Sources */,
				69C5390026A64D7900AF5842 /* PostEditViewController.swift in Sources */,
				6939CA4526A3CC72007D72CD /* DatabaseManager.swift in Sources */,
				6939CA2B26A3CBD9007D72CD /* SignInViewController.swift in Sources */,
				6939CA2626A3CBBD007D72CD /* ProfileViewController.swift in Sources */,
				69C538ED26A526BB00AF5842 /* PostCaptionCollectionViewCellViewModel.swift in Sources */,
				6939CA4426A3CC72007D72CD /* AuthManager.swift in Sources */,
				6939CA4E26A3DB54007D72CD /* Extensions.swift in Sources */,
				693D1B9B26BE049F00C45F59 /* NotificationCellViewModel.swift in Sources */,
				6939CA0626A3C7F2007D72CD /* SceneDelegate.swift in Sources */,
				69C538E926A5258A00AF5842 /* PostActionsCollectionViewCellViewModel.swift in Sources */,
				6939CA5226A3F242007D72CD /* RAKTextField.swift in Sources */,
				693D1B9D26BE14EA00C45F59 /* RAKFollowButton.swift in Sources */,
				6939CA3D26A3CC23007D72CD /* Post.swift in Sources */,
				69C538F426A5349600AF5842 /* PosterCollectionViewCell.swift in Sources */,
				6939CA1D26A3CB6E007D72CD /* HomeViewController.swift in Sources */,
				693D1B9726BDFD5500C45F59 /* CommentNotificationTableViewCell.swift in Sources */,
				694F24C326D5D52900C0EA3E /* UserInfo.swift in Sources */,
				6939CA3C26A3CC23007D72CD /* RAKNotification.swift in Sources */,
			);
			runOnlyForDeploymentPostprocessing = 0;
		};
/* End PBXSourcesBuildPhase section */

/* Begin PBXVariantGroup section */
		6939CA0E26A3C7F6007D72CD /* LaunchScreen.storyboard */ = {
			isa = PBXVariantGroup;
			children = (
				6939CA0F26A3C7F6007D72CD /* Base */,
			);
			name = LaunchScreen.storyboard;
			sourceTree = "<group>";
		};
/* End PBXVariantGroup section */

/* Begin XCBuildConfiguration section */
		6939CA1226A3C7F6007D72CD /* Debug */ = {
			isa = XCBuildConfiguration;
			buildSettings = {
				ALWAYS_SEARCH_USER_PATHS = NO;
				CLANG_ANALYZER_NONNULL = YES;
				CLANG_ANALYZER_NUMBER_OBJECT_CONVERSION = YES_AGGRESSIVE;
				CLANG_CXX_LANGUAGE_STANDARD = "gnu++14";
				CLANG_CXX_LIBRARY = "libc++";
				CLANG_ENABLE_MODULES = YES;
				CLANG_ENABLE_OBJC_ARC = YES;
				CLANG_ENABLE_OBJC_WEAK = YES;
				CLANG_WARN_BLOCK_CAPTURE_AUTORELEASING = YES;
				CLANG_WARN_BOOL_CONVERSION = YES;
				CLANG_WARN_COMMA = YES;
				CLANG_WARN_CONSTANT_CONVERSION = YES;
				CLANG_WARN_DEPRECATED_OBJC_IMPLEMENTATIONS = YES;
				CLANG_WARN_DIRECT_OBJC_ISA_USAGE = YES_ERROR;
				CLANG_WARN_DOCUMENTATION_COMMENTS = YES;
				CLANG_WARN_EMPTY_BODY = YES;
				CLANG_WARN_ENUM_CONVERSION = YES;
				CLANG_WARN_INFINITE_RECURSION = YES;
				CLANG_WARN_INT_CONVERSION = YES;
				CLANG_WARN_NON_LITERAL_NULL_CONVERSION = YES;
				CLANG_WARN_OBJC_IMPLICIT_RETAIN_SELF = YES;
				CLANG_WARN_OBJC_LITERAL_CONVERSION = YES;
				CLANG_WARN_OBJC_ROOT_CLASS = YES_ERROR;
				CLANG_WARN_QUOTED_INCLUDE_IN_FRAMEWORK_HEADER = YES;
				CLANG_WARN_RANGE_LOOP_ANALYSIS = YES;
				CLANG_WARN_STRICT_PROTOTYPES = YES;
				CLANG_WARN_SUSPICIOUS_MOVE = YES;
				CLANG_WARN_UNGUARDED_AVAILABILITY = YES_AGGRESSIVE;
				CLANG_WARN_UNREACHABLE_CODE = YES;
				CLANG_WARN__DUPLICATE_METHOD_MATCH = YES;
				COPY_PHASE_STRIP = NO;
				DEBUG_INFORMATION_FORMAT = dwarf;
				ENABLE_STRICT_OBJC_MSGSEND = YES;
				ENABLE_TESTABILITY = YES;
				GCC_C_LANGUAGE_STANDARD = gnu11;
				GCC_DYNAMIC_NO_PIC = NO;
				GCC_NO_COMMON_BLOCKS = YES;
				GCC_OPTIMIZATION_LEVEL = 0;
				GCC_PREPROCESSOR_DEFINITIONS = (
					"DEBUG=1",
					"$(inherited)",
				);
				GCC_WARN_64_TO_32_BIT_CONVERSION = YES;
				GCC_WARN_ABOUT_RETURN_TYPE = YES_ERROR;
				GCC_WARN_UNDECLARED_SELECTOR = YES;
				GCC_WARN_UNINITIALIZED_AUTOS = YES_AGGRESSIVE;
				GCC_WARN_UNUSED_FUNCTION = YES;
				GCC_WARN_UNUSED_VARIABLE = YES;
				IPHONEOS_DEPLOYMENT_TARGET = 14.5;
				MTL_ENABLE_DEBUG_INFO = INCLUDE_SOURCE;
				MTL_FAST_MATH = YES;
				ONLY_ACTIVE_ARCH = YES;
				SDKROOT = iphoneos;
				SWIFT_ACTIVE_COMPILATION_CONDITIONS = DEBUG;
				SWIFT_OPTIMIZATION_LEVEL = "-Onone";
			};
			name = Debug;
		};
		6939CA1326A3C7F6007D72CD /* Release */ = {
			isa = XCBuildConfiguration;
			buildSettings = {
				ALWAYS_SEARCH_USER_PATHS = NO;
				CLANG_ANALYZER_NONNULL = YES;
				CLANG_ANALYZER_NUMBER_OBJECT_CONVERSION = YES_AGGRESSIVE;
				CLANG_CXX_LANGUAGE_STANDARD = "gnu++14";
				CLANG_CXX_LIBRARY = "libc++";
				CLANG_ENABLE_MODULES = YES;
				CLANG_ENABLE_OBJC_ARC = YES;
				CLANG_ENABLE_OBJC_WEAK = YES;
				CLANG_WARN_BLOCK_CAPTURE_AUTORELEASING = YES;
				CLANG_WARN_BOOL_CONVERSION = YES;
				CLANG_WARN_COMMA = YES;
				CLANG_WARN_CONSTANT_CONVERSION = YES;
				CLANG_WARN_DEPRECATED_OBJC_IMPLEMENTATIONS = YES;
				CLANG_WARN_DIRECT_OBJC_ISA_USAGE = YES_ERROR;
				CLANG_WARN_DOCUMENTATION_COMMENTS = YES;
				CLANG_WARN_EMPTY_BODY = YES;
				CLANG_WARN_ENUM_CONVERSION = YES;
				CLANG_WARN_INFINITE_RECURSION = YES;
				CLANG_WARN_INT_CONVERSION = YES;
				CLANG_WARN_NON_LITERAL_NULL_CONVERSION = YES;
				CLANG_WARN_OBJC_IMPLICIT_RETAIN_SELF = YES;
				CLANG_WARN_OBJC_LITERAL_CONVERSION = YES;
				CLANG_WARN_OBJC_ROOT_CLASS = YES_ERROR;
				CLANG_WARN_QUOTED_INCLUDE_IN_FRAMEWORK_HEADER = YES;
				CLANG_WARN_RANGE_LOOP_ANALYSIS = YES;
				CLANG_WARN_STRICT_PROTOTYPES = YES;
				CLANG_WARN_SUSPICIOUS_MOVE = YES;
				CLANG_WARN_UNGUARDED_AVAILABILITY = YES_AGGRESSIVE;
				CLANG_WARN_UNREACHABLE_CODE = YES;
				CLANG_WARN__DUPLICATE_METHOD_MATCH = YES;
				COPY_PHASE_STRIP = NO;
				DEBUG_INFORMATION_FORMAT = "dwarf-with-dsym";
				ENABLE_NS_ASSERTIONS = NO;
				ENABLE_STRICT_OBJC_MSGSEND = YES;
				GCC_C_LANGUAGE_STANDARD = gnu11;
				GCC_NO_COMMON_BLOCKS = YES;
				GCC_WARN_64_TO_32_BIT_CONVERSION = YES;
				GCC_WARN_ABOUT_RETURN_TYPE = YES_ERROR;
				GCC_WARN_UNDECLARED_SELECTOR = YES;
				GCC_WARN_UNINITIALIZED_AUTOS = YES_AGGRESSIVE;
				GCC_WARN_UNUSED_FUNCTION = YES;
				GCC_WARN_UNUSED_VARIABLE = YES;
				IPHONEOS_DEPLOYMENT_TARGET = 14.5;
				MTL_ENABLE_DEBUG_INFO = NO;
				MTL_FAST_MATH = YES;
				SDKROOT = iphoneos;
				SWIFT_COMPILATION_MODE = wholemodule;
				SWIFT_OPTIMIZATION_LEVEL = "-O";
				VALIDATE_PRODUCT = YES;
			};
			name = Release;
		};
		6939CA1526A3C7F6007D72CD /* Debug */ = {
			isa = XCBuildConfiguration;
			baseConfigurationReference = 411ED135C56ABDF2EBF7C1B8 /* Pods-RAK.debug.xcconfig */;
			buildSettings = {
				ASSETCATALOG_COMPILER_APPICON_NAME = AppIcon;
				ASSETCATALOG_COMPILER_GLOBAL_ACCENT_COLOR_NAME = AccentColor;
				CODE_SIGN_STYLE = Automatic;
				DEVELOPMENT_TEAM = 4ZYNZTW632;
				INFOPLIST_FILE = RAK/Info.plist;
				IPHONEOS_DEPLOYMENT_TARGET = 14.5;
				LD_RUNPATH_SEARCH_PATHS = (
					"$(inherited)",
					"@executable_path/Frameworks",
				);
				PRODUCT_BUNDLE_IDENTIFIER = com.phillipsjames.RAK;
				PRODUCT_NAME = "$(TARGET_NAME)";
				SWIFT_VERSION = 5.0;
				TARGETED_DEVICE_FAMILY = 1;
			};
			name = Debug;
		};
		6939CA1626A3C7F6007D72CD /* Release */ = {
			isa = XCBuildConfiguration;
			baseConfigurationReference = 6A21F30447FF608B384D7EB4 /* Pods-RAK.release.xcconfig */;
			buildSettings = {
				ASSETCATALOG_COMPILER_APPICON_NAME = AppIcon;
				ASSETCATALOG_COMPILER_GLOBAL_ACCENT_COLOR_NAME = AccentColor;
				CODE_SIGN_STYLE = Automatic;
				DEVELOPMENT_TEAM = 4ZYNZTW632;
				INFOPLIST_FILE = RAK/Info.plist;
				IPHONEOS_DEPLOYMENT_TARGET = 14.5;
				LD_RUNPATH_SEARCH_PATHS = (
					"$(inherited)",
					"@executable_path/Frameworks",
				);
				PRODUCT_BUNDLE_IDENTIFIER = com.phillipsjames.RAK;
				PRODUCT_NAME = "$(TARGET_NAME)";
				SWIFT_VERSION = 5.0;
				TARGETED_DEVICE_FAMILY = 1;
			};
			name = Release;
		};
/* End XCBuildConfiguration section */

/* Begin XCConfigurationList section */
		6939C9FB26A3C7F2007D72CD /* Build configuration list for PBXProject "RAK" */ = {
			isa = XCConfigurationList;
			buildConfigurations = (
				6939CA1226A3C7F6007D72CD /* Debug */,
				6939CA1326A3C7F6007D72CD /* Release */,
			);
			defaultConfigurationIsVisible = 0;
			defaultConfigurationName = Release;
		};
		6939CA1426A3C7F6007D72CD /* Build configuration list for PBXNativeTarget "RAK" */ = {
			isa = XCConfigurationList;
			buildConfigurations = (
				6939CA1526A3C7F6007D72CD /* Debug */,
				6939CA1626A3C7F6007D72CD /* Release */,
			);
			defaultConfigurationIsVisible = 0;
			defaultConfigurationName = Release;
		};
/* End XCConfigurationList section */
	};
	rootObject = 6939C9F826A3C7F2007D72CD /* Project object */;
}
